
Microsoft Visual Studio Solution File, Format Version 12.00
# Visual Studio 15
VisualStudioVersion = 15.0.27004.2009
MinimumVisualStudioVersion = 10.0.40219.1
Project("{9A19103F-16F7-4668-BE54-9A1E7A4F7556}") = "ProyectoNET-LocalDB", "ProyectoNET-LocalDB\ProyectoNET-LocalDB.csproj", "{5E71D1F7-2FAF-49AA-878B-58F028736DFF}"
EndProject
Global
	GlobalSection(SolutionConfigurationPlatforms) = preSolution
		Debug|Any CPU = Debug|Any CPU
		Release|Any CPU = Release|Any CPU
	EndGlobalSection
	GlobalSection(ProjectConfigurationPlatforms) = postSolution
		{5E71D1F7-2FAF-49AA-878B-58F028736DFF}.Debug|Any CPU.ActiveCfg = Debug|Any CPU
		{5E71D1F7-2FAF-49AA-878B-58F028736DFF}.Debug|Any CPU.Build.0 = Debug|Any CPU
		{5E71D1F7-2FAF-49AA-878B-58F028736DFF}.Release|Any CPU.ActiveCfg = Release|Any CPU
		{5E71D1F7-2FAF-49AA-878B-58F028736DFF}.Release|Any CPU.Build.0 = Release|Any CPU
	EndGlobalSection
	GlobalSection(SolutionProperties) = preSolution
		HideSolutionNode = FALSE
	EndGlobalSection
	GlobalSection(ExtensibilityGlobals) = postSolution
		SolutionGuid = {26A670DF-6B89-4039-ACC0-A984607DDE73}
	EndGlobalSection
EndGlobal
